{
  "originHash" : "2d138e6fb271cc7f6c2d2104a0698336a2cad2a2ffe2403f71e485a53e3fe0b1",
  "pins" : [
    {
      "identity" : "plaid-link-ios-spm",
      "kind" : "remoteSourceControl",
      "location" : "https://github.com/plaid/plaid-link-ios-spm",
      "state" : {
        "revision" : "335bacb4f9028c91156f8235829b6291d559ffb1",
        "version" : "6.1.0"
      }
    },
    {
      "identity" : "rohrigsoftwarecompanycore",
      "kind" : "remoteSourceControl",
      "location" : "https://github.com/alexanderjamesrohrig/RohrigSoftwareCompanyCore",
      "state" : {
        "branch" : "main",
        "revision" : "3029a1cda454eecb4972ef2abd6dffda7ce9d463"
      }
    }
  ],
  "version" : 3
}
