// !$*UTF8*$!
{
	archiveVersion = 1;
	classes = {
	};
	objectVersion = 56;
	objects = {

/* Begin PBXBuildFile section */
		080E27572D3AB42300595DE8 /* WeekView.swift in Sources */ = {isa = PBXBuildFile; fileRef = 080E27562D3AB41E00595DE8 /* WeekView.swift */; };
		080E27592D3AB4DA00595DE8 /* CircularProgressViewStyle.swift in Sources */ = {isa = PBXBuildFile; fileRef = 080E27582D3AB4D000595DE8 /* CircularProgressViewStyle.swift */; };
		080E275B2D3AB74500595DE8 /* EditTransactionView.swift in Sources */ = {isa = PBXBuildFile; fileRef = 080E275A2D3AB74000595DE8 /* EditTransactionView.swift */; };
		080E275D2D3ABAD700595DE8 /* CurrencyField.swift in Sources */ = {isa = PBXBuildFile; fileRef = 080E275C2D3ABAD400595DE8 /* CurrencyField.swift */; };
		080E275F2D3ABB6D00595DE8 /* InputField.swift in Sources */ = {isa = PBXBuildFile; fileRef = 080E275E2D3ABB6800595DE8 /* InputField.swift */; };
		080E27632D3AC2A600595DE8 /* TransactionDestination.swift in Sources */ = {isa = PBXBuildFile; fileRef = 080E27622D3AC2A100595DE8 /* TransactionDestination.swift */; };
		080E27652D3ADB3800595DE8 /* TransactionRowView.swift in Sources */ = {isa = PBXBuildFile; fileRef = 080E27642D3ADB3400595DE8 /* TransactionRowView.swift */; };
		080E27692D3AF4FA00595DE8 /* Week.swift in Sources */ = {isa = PBXBuildFile; fileRef = 080E27682D3AF4F900595DE8 /* Week.swift */; };
		0822ACD92D70F700008E709F /* EditFundView.swift in Sources */ = {isa = PBXBuildFile; fileRef = 0822ACD82D70F6FC008E709F /* EditFundView.swift */; };
		0822ACDB2D70FB60008E709F /* FundDetailView.swift in Sources */ = {isa = PBXBuildFile; fileRef = 0822ACDA2D70FB5C008E709F /* FundDetailView.swift */; };
		0822ACDD2D71089F008E709F /* MailComposeView.swift in Sources */ = {isa = PBXBuildFile; fileRef = 0822ACDC2D71089C008E709F /* MailComposeView.swift */; };
		0834A5CF2B6985CD00A668EA /* LoanView.swift in Sources */ = {isa = PBXBuildFile; fileRef = 0834A5CE2B6985CD00A668EA /* LoanView.swift */; };
		0834A5D12B698AB000A668EA /* Constant.swift in Sources */ = {isa = PBXBuildFile; fileRef = 0834A5D02B698AB000A668EA /* Constant.swift */; };
		0834A5D62B698EC100A668EA /* CarteretImage.swift in Sources */ = {isa = PBXBuildFile; fileRef = 0834A5D52B698EC100A668EA /* CarteretImage.swift */; };
		0834A5D82B69902700A668EA /* Loan.swift in Sources */ = {isa = PBXBuildFile; fileRef = 0834A5D72B69902700A668EA /* Loan.swift */; };
		0834A5DD2B6992B700A668EA /* ErrorMessage.swift in Sources */ = {isa = PBXBuildFile; fileRef = 0834A5DC2B6992B700A668EA /* ErrorMessage.swift */; };
		0834A5DF2B6993C800A668EA /* Payment.swift in Sources */ = {isa = PBXBuildFile; fileRef = 0834A5DE2B6993C800A668EA /* Payment.swift */; };
		0835E5A02DBE7E17005D6207 /* LinkKit in Frameworks */ = {isa = PBXBuildFile; productRef = 0835E59F2DBE7E17005D6207 /* LinkKit */; };
		0835E5A22DBE851C005D6207 /* AkoyaActor.swift in Sources */ = {isa = PBXBuildFile; fileRef = 0835E5A12DBE8518005D6207 /* AkoyaActor.swift */; };
		0835E5A42DBE8A4E005D6207 /* AuthHelper.swift in Sources */ = {isa = PBXBuildFile; fileRef = 0835E5A32DBE8A46005D6207 /* AuthHelper.swift */; };
		0835E5A62DBE914A005D6207 /* AkoyaTransactionResponse.swift in Sources */ = {isa = PBXBuildFile; fileRef = 0835E5A52DBE913E005D6207 /* AkoyaTransactionResponse.swift */; };
		0835E5A82DBE95DD005D6207 /* AmericanExpressTransaction.swift in Sources */ = {isa = PBXBuildFile; fileRef = 0835E5A72DBE95D7005D6207 /* AmericanExpressTransaction.swift */; };
		0835E5AA2DBE9843005D6207 /* CitiTransaction.swift in Sources */ = {isa = PBXBuildFile; fileRef = 0835E5A92DBE983E005D6207 /* CitiTransaction.swift */; };
		0835E5AC2DBE9B33005D6207 /* OpenFinancialExchangeParser.swift in Sources */ = {isa = PBXBuildFile; fileRef = 0835E5AB2DBE9B27005D6207 /* OpenFinancialExchangeParser.swift */; };
		0846F4E12D4C525700222419 /* UpgradeView.swift in Sources */ = {isa = PBXBuildFile; fileRef = 0846F4E02D4C525100222419 /* UpgradeView.swift */; };
		084E0B712D4DB00000D955AC /* FormatStyle.swift in Sources */ = {isa = PBXBuildFile; fileRef = 084E0B702D4DAFFC00D955AC /* FormatStyle.swift */; };
		0857E3192D42C56D0052904C /* PieChart.swift in Sources */ = {isa = PBXBuildFile; fileRef = 0857E3182D42C5680052904C /* PieChart.swift */; };
		0857E31B2D42C5920052904C /* BarChart1D.swift in Sources */ = {isa = PBXBuildFile; fileRef = 0857E31A2D42C58D0052904C /* BarChart1D.swift */; };
		0857E31D2D42CC150052904C /* SpendingLimitRow.swift in Sources */ = {isa = PBXBuildFile; fileRef = 0857E31C2D42CC0A0052904C /* SpendingLimitRow.swift */; };
		0857E31F2D42DE880052904C /* CurrencyText.swift in Sources */ = {isa = PBXBuildFile; fileRef = 0857E31E2D42DE830052904C /* CurrencyText.swift */; };
		0857E3222D42EB640052904C /* RohrigSoftwareCompanyCore in Frameworks */ = {isa = PBXBuildFile; productRef = 0857E3212D42EB640052904C /* RohrigSoftwareCompanyCore */; };
		0857E3242D42F7450052904C /* WeeklyTransaction.swift in Sources */ = {isa = PBXBuildFile; fileRef = 0857E3232D42F7380052904C /* WeeklyTransaction.swift */; };
		0857E3262D42F7BC0052904C /* TransactionImport.swift in Sources */ = {isa = PBXBuildFile; fileRef = 0857E3252D42F7BC0052904C /* TransactionImport.swift */; };
		0857E3292D431E4B0052904C /* Fund.swift in Sources */ = {isa = PBXBuildFile; fileRef = 0857E3282D431E480052904C /* Fund.swift */; };
		0857E32B2D4325D60052904C /* WeekVisuals.swift in Sources */ = {isa = PBXBuildFile; fileRef = 0857E32A2D4325D10052904C /* WeekVisuals.swift */; };
		0857E32D2D432B170052904C /* ViewModifier.swift in Sources */ = {isa = PBXBuildFile; fileRef = 0857E32C2D432B130052904C /* ViewModifier.swift */; };
		0858AD5E2DC11E2100BEA6E0 /* WalletActor.swift in Sources */ = {isa = PBXBuildFile; fileRef = 0858AD5D2DC11E1C00BEA6E0 /* WalletActor.swift */; };
		0870CE582D4EDC4E005A7E27 /* PreviewHelper.swift in Sources */ = {isa = PBXBuildFile; fileRef = 0870CE572D4EDC49005A7E27 /* PreviewHelper.swift */; };
		0871FDF42DBD3B56000BFB18 /* PlaidActor.swift in Sources */ = {isa = PBXBuildFile; fileRef = 0871FDF32DBD3B51000BFB18 /* PlaidActor.swift */; };
		0871FDF92DBD4F93000BFB18 /* PlaidLinkView.swift in Sources */ = {isa = PBXBuildFile; fileRef = 0871FDF82DBD4F90000BFB18 /* PlaidLinkView.swift */; };
		0871FDFB2DBD5513000BFB18 /* ConnectPlaidButton.swift in Sources */ = {isa = PBXBuildFile; fileRef = 0871FDFA2DBD550A000BFB18 /* ConnectPlaidButton.swift */; };
		088CEA692D3DB12A006B279F /* BudgetManager.swift in Sources */ = {isa = PBXBuildFile; fileRef = 088CEA682D3DB123006B279F /* BudgetManager.swift */; };
		088CEA6B2D3DB4A1006B279F /* DebugSettings.swift in Sources */ = {isa = PBXBuildFile; fileRef = 088CEA6A2D3DB49B006B279F /* DebugSettings.swift */; };
		088CEA6D2D3DC0E9006B279F /* OlderTransactionsView.swift in Sources */ = {isa = PBXBuildFile; fileRef = 088CEA6C2D3DC0E9006B279F /* OlderTransactionsView.swift */; };
		089A882C2D4424CD00990FF3 /* TransactionsBarChart.swift in Sources */ = {isa = PBXBuildFile; fileRef = 089A882B2D4424C900990FF3 /* TransactionsBarChart.swift */; };
		089A882E2D44255500990FF3 /* ItemVisuals.swift in Sources */ = {isa = PBXBuildFile; fileRef = 089A882D2D44255100990FF3 /* ItemVisuals.swift */; };
		089A88302D44659600990FF3 /* StorageState.swift in Sources */ = {isa = PBXBuildFile; fileRef = 089A882F2D44659100990FF3 /* StorageState.swift */; };
		089EEFD02D399F3C000D6657 /* Transaction.swift in Sources */ = {isa = PBXBuildFile; fileRef = 089EEFCF2D399F39000D6657 /* Transaction.swift */; };
		089EEFD22D39A02F000D6657 /* TransactionType.swift in Sources */ = {isa = PBXBuildFile; fileRef = 089EEFD12D39A022000D6657 /* TransactionType.swift */; };
		089EEFD42D39A0E5000D6657 /* Repeat.swift in Sources */ = {isa = PBXBuildFile; fileRef = 089EEFD32D39A0D5000D6657 /* Repeat.swift */; };
		089EEFD62D39A138000D6657 /* Category.swift in Sources */ = {isa = PBXBuildFile; fileRef = 089EEFD52D39A135000D6657 /* Category.swift */; };
		089EEFD82D39A4B1000D6657 /* TabbedView.swift in Sources */ = {isa = PBXBuildFile; fileRef = 089EEFD72D39A4AE000D6657 /* TabbedView.swift */; };
		089EEFDA2D39A889000D6657 /* BudgetView.swift in Sources */ = {isa = PBXBuildFile; fileRef = 089EEFD92D39A882000D6657 /* BudgetView.swift */; };
		089EEFDC2D39A977000D6657 /* Extensions.swift in Sources */ = {isa = PBXBuildFile; fileRef = 089EEFDB2D39A973000D6657 /* Extensions.swift */; };
		089EEFDE2D39AC6F000D6657 /* EditItemView.swift in Sources */ = {isa = PBXBuildFile; fileRef = 089EEFDD2D39AC6A000D6657 /* EditItemView.swift */; };
		08A8E7392B69827800575C9B /* CarteretApp.swift in Sources */ = {isa = PBXBuildFile; fileRef = 08A8E7382B69827800575C9B /* CarteretApp.swift */; };
		08A8E73B2B69827800575C9B /* ContentView.swift in Sources */ = {isa = PBXBuildFile; fileRef = 08A8E73A2B69827800575C9B /* ContentView.swift */; };
		08A8E73D2B69827800575C9B /* Item.swift in Sources */ = {isa = PBXBuildFile; fileRef = 08A8E73C2B69827800575C9B /* Item.swift */; };
		08A8E73F2B69827D00575C9B /* Assets.xcassets in Resources */ = {isa = PBXBuildFile; fileRef = 08A8E73E2B69827D00575C9B /* Assets.xcassets */; };
		08A8E7432B69827D00575C9B /* Preview Assets.xcassets in Resources */ = {isa = PBXBuildFile; fileRef = 08A8E7422B69827D00575C9B /* Preview Assets.xcassets */; };
		08A8E74E2B69827E00575C9B /* CarteretTests.swift in Sources */ = {isa = PBXBuildFile; fileRef = 08A8E74D2B69827E00575C9B /* CarteretTests.swift */; };
		08A8E7582B69827E00575C9B /* CarteretUITests.swift in Sources */ = {isa = PBXBuildFile; fileRef = 08A8E7572B69827E00575C9B /* CarteretUITests.swift */; };
		08A8E75A2B69827E00575C9B /* CarteretUITestsLaunchTests.swift in Sources */ = {isa = PBXBuildFile; fileRef = 08A8E7592B69827E00575C9B /* CarteretUITestsLaunchTests.swift */; };
/* End PBXBuildFile section */

/* Begin PBXContainerItemProxy section */
		08A8E74A2B69827E00575C9B /* PBXContainerItemProxy */ = {
			isa = PBXContainerItemProxy;
			containerPortal = 08A8E72D2B69827800575C9B /* Project object */;
			proxyType = 1;
			remoteGlobalIDString = 08A8E7342B69827800575C9B;
			remoteInfo = Carteret;
		};
		08A8E7542B69827E00575C9B /* PBXContainerItemProxy */ = {
			isa = PBXContainerItemProxy;
			containerPortal = 08A8E72D2B69827800575C9B /* Project object */;
			proxyType = 1;
			remoteGlobalIDString = 08A8E7342B69827800575C9B;
			remoteInfo = Carteret;
		};
/* End PBXContainerItemProxy section */

/* Begin PBXFileReference section */
		080E27562D3AB41E00595DE8 /* WeekView.swift */ = {isa = PBXFileReference; lastKnownFileType = sourcecode.swift; path = WeekView.swift; sourceTree = "<group>"; };
		080E27582D3AB4D000595DE8 /* CircularProgressViewStyle.swift */ = {isa = PBXFileReference; lastKnownFileType = sourcecode.swift; path = CircularProgressViewStyle.swift; sourceTree = "<group>"; };
		080E275A2D3AB74000595DE8 /* EditTransactionView.swift */ = {isa = PBXFileReference; lastKnownFileType = sourcecode.swift; path = EditTransactionView.swift; sourceTree = "<group>"; };
		080E275C2D3ABAD400595DE8 /* CurrencyField.swift */ = {isa = PBXFileReference; lastKnownFileType = sourcecode.swift; path = CurrencyField.swift; sourceTree = "<group>"; };
		080E275E2D3ABB6800595DE8 /* InputField.swift */ = {isa = PBXFileReference; lastKnownFileType = sourcecode.swift; path = InputField.swift; sourceTree = "<group>"; };
		080E27622D3AC2A100595DE8 /* TransactionDestination.swift */ = {isa = PBXFileReference; lastKnownFileType = sourcecode.swift; path = TransactionDestination.swift; sourceTree = "<group>"; };
		080E27642D3ADB3400595DE8 /* TransactionRowView.swift */ = {isa = PBXFileReference; lastKnownFileType = sourcecode.swift; path = TransactionRowView.swift; sourceTree = "<group>"; };
		080E27682D3AF4F900595DE8 /* Week.swift */ = {isa = PBXFileReference; lastKnownFileType = sourcecode.swift; path = Week.swift; sourceTree = "<group>"; };
		0822ACD82D70F6FC008E709F /* EditFundView.swift */ = {isa = PBXFileReference; lastKnownFileType = sourcecode.swift; path = EditFundView.swift; sourceTree = "<group>"; };
		0822ACDA2D70FB5C008E709F /* FundDetailView.swift */ = {isa = PBXFileReference; lastKnownFileType = sourcecode.swift; path = FundDetailView.swift; sourceTree = "<group>"; };
		0822ACDC2D71089C008E709F /* MailComposeView.swift */ = {isa = PBXFileReference; lastKnownFileType = sourcecode.swift; path = MailComposeView.swift; sourceTree = "<group>"; };
		0834A5CE2B6985CD00A668EA /* LoanView.swift */ = {isa = PBXFileReference; lastKnownFileType = sourcecode.swift; path = LoanView.swift; sourceTree = "<group>"; };
		0834A5D02B698AB000A668EA /* Constant.swift */ = {isa = PBXFileReference; lastKnownFileType = sourcecode.swift; path = Constant.swift; sourceTree = "<group>"; };
		0834A5D52B698EC100A668EA /* CarteretImage.swift */ = {isa = PBXFileReference; lastKnownFileType = sourcecode.swift; path = CarteretImage.swift; sourceTree = "<group>"; };
		0834A5D72B69902700A668EA /* Loan.swift */ = {isa = PBXFileReference; lastKnownFileType = sourcecode.swift; path = Loan.swift; sourceTree = "<group>"; };
		0834A5DC2B6992B700A668EA /* ErrorMessage.swift */ = {isa = PBXFileReference; lastKnownFileType = sourcecode.swift; path = ErrorMessage.swift; sourceTree = "<group>"; };
		0834A5DE2B6993C800A668EA /* Payment.swift */ = {isa = PBXFileReference; lastKnownFileType = sourcecode.swift; path = Payment.swift; sourceTree = "<group>"; };
		0835E5A12DBE8518005D6207 /* AkoyaActor.swift */ = {isa = PBXFileReference; lastKnownFileType = sourcecode.swift; path = AkoyaActor.swift; sourceTree = "<group>"; };
		0835E5A32DBE8A46005D6207 /* AuthHelper.swift */ = {isa = PBXFileReference; lastKnownFileType = sourcecode.swift; path = AuthHelper.swift; sourceTree = "<group>"; };
		0835E5A52DBE913E005D6207 /* AkoyaTransactionResponse.swift */ = {isa = PBXFileReference; lastKnownFileType = sourcecode.swift; path = AkoyaTransactionResponse.swift; sourceTree = "<group>"; };
		0835E5A72DBE95D7005D6207 /* AmericanExpressTransaction.swift */ = {isa = PBXFileReference; lastKnownFileType = sourcecode.swift; path = AmericanExpressTransaction.swift; sourceTree = "<group>"; };
		0835E5A92DBE983E005D6207 /* CitiTransaction.swift */ = {isa = PBXFileReference; lastKnownFileType = sourcecode.swift; path = CitiTransaction.swift; sourceTree = "<group>"; };
		0835E5AB2DBE9B27005D6207 /* OpenFinancialExchangeParser.swift */ = {isa = PBXFileReference; lastKnownFileType = sourcecode.swift; path = OpenFinancialExchangeParser.swift; sourceTree = "<group>"; };
		0846F4E02D4C525100222419 /* UpgradeView.swift */ = {isa = PBXFileReference; lastKnownFileType = sourcecode.swift; path = UpgradeView.swift; sourceTree = "<group>"; };
		084E0B702D4DAFFC00D955AC /* FormatStyle.swift */ = {isa = PBXFileReference; lastKnownFileType = sourcecode.swift; path = FormatStyle.swift; sourceTree = "<group>"; };
		0857E3182D42C5680052904C /* PieChart.swift */ = {isa = PBXFileReference; lastKnownFileType = sourcecode.swift; path = PieChart.swift; sourceTree = "<group>"; };
		0857E31A2D42C58D0052904C /* BarChart1D.swift */ = {isa = PBXFileReference; lastKnownFileType = sourcecode.swift; path = BarChart1D.swift; sourceTree = "<group>"; };
		0857E31C2D42CC0A0052904C /* SpendingLimitRow.swift */ = {isa = PBXFileReference; lastKnownFileType = sourcecode.swift; path = SpendingLimitRow.swift; sourceTree = "<group>"; };
		0857E31E2D42DE830052904C /* CurrencyText.swift */ = {isa = PBXFileReference; lastKnownFileType = sourcecode.swift; path = CurrencyText.swift; sourceTree = "<group>"; };
		0857E3232D42F7380052904C /* WeeklyTransaction.swift */ = {isa = PBXFileReference; lastKnownFileType = sourcecode.swift; path = WeeklyTransaction.swift; sourceTree = "<group>"; };
		0857E3252D42F7BC0052904C /* TransactionImport.swift */ = {isa = PBXFileReference; lastKnownFileType = sourcecode.swift; path = TransactionImport.swift; sourceTree = "<group>"; };
		0857E3282D431E480052904C /* Fund.swift */ = {isa = PBXFileReference; lastKnownFileType = sourcecode.swift; path = Fund.swift; sourceTree = "<group>"; };
		0857E32A2D4325D10052904C /* WeekVisuals.swift */ = {isa = PBXFileReference; lastKnownFileType = sourcecode.swift; path = WeekVisuals.swift; sourceTree = "<group>"; };
		0857E32C2D432B130052904C /* ViewModifier.swift */ = {isa = PBXFileReference; lastKnownFileType = sourcecode.swift; path = ViewModifier.swift; sourceTree = "<group>"; };
		0858AD5D2DC11E1C00BEA6E0 /* WalletActor.swift */ = {isa = PBXFileReference; lastKnownFileType = sourcecode.swift; path = WalletActor.swift; sourceTree = "<group>"; };
		0870CE572D4EDC49005A7E27 /* PreviewHelper.swift */ = {isa = PBXFileReference; lastKnownFileType = sourcecode.swift; path = PreviewHelper.swift; sourceTree = "<group>"; };
		0871FDF32DBD3B51000BFB18 /* PlaidActor.swift */ = {isa = PBXFileReference; lastKnownFileType = sourcecode.swift; path = PlaidActor.swift; sourceTree = "<group>"; };
		0871FDF82DBD4F90000BFB18 /* PlaidLinkView.swift */ = {isa = PBXFileReference; lastKnownFileType = sourcecode.swift; path = PlaidLinkView.swift; sourceTree = "<group>"; };
		0871FDFA2DBD550A000BFB18 /* ConnectPlaidButton.swift */ = {isa = PBXFileReference; lastKnownFileType = sourcecode.swift; path = ConnectPlaidButton.swift; sourceTree = "<group>"; };
		088CEA682D3DB123006B279F /* BudgetManager.swift */ = {isa = PBXFileReference; lastKnownFileType = sourcecode.swift; path = BudgetManager.swift; sourceTree = "<group>"; };
		088CEA6A2D3DB49B006B279F /* DebugSettings.swift */ = {isa = PBXFileReference; lastKnownFileType = sourcecode.swift; path = DebugSettings.swift; sourceTree = "<group>"; };
		088CEA6C2D3DC0E9006B279F /* OlderTransactionsView.swift */ = {isa = PBXFileReference; lastKnownFileType = sourcecode.swift; path = OlderTransactionsView.swift; sourceTree = "<group>"; };
		089A88292D43F8D400990FF3 /* LocalTestPlan.xctestplan */ = {isa = PBXFileReference; lastKnownFileType = text; name = LocalTestPlan.xctestplan; path = Testing/LocalTestPlan.xctestplan; sourceTree = "<group>"; };
		089A882A2D43F8F200990FF3 /* CloudTestPlan.xctestplan */ = {isa = PBXFileReference; lastKnownFileType = text; name = CloudTestPlan.xctestplan; path = Testing/CloudTestPlan.xctestplan; sourceTree = "<group>"; };
		089A882B2D4424C900990FF3 /* TransactionsBarChart.swift */ = {isa = PBXFileReference; lastKnownFileType = sourcecode.swift; path = TransactionsBarChart.swift; sourceTree = "<group>"; };
		089A882D2D44255100990FF3 /* ItemVisuals.swift */ = {isa = PBXFileReference; lastKnownFileType = sourcecode.swift; path = ItemVisuals.swift; sourceTree = "<group>"; };
		089A882F2D44659100990FF3 /* StorageState.swift */ = {isa = PBXFileReference; lastKnownFileType = sourcecode.swift; path = StorageState.swift; sourceTree = "<group>"; };
		089EEFCF2D399F39000D6657 /* Transaction.swift */ = {isa = PBXFileReference; lastKnownFileType = sourcecode.swift; path = Transaction.swift; sourceTree = "<group>"; };
		089EEFD12D39A022000D6657 /* TransactionType.swift */ = {isa = PBXFileReference; lastKnownFileType = sourcecode.swift; path = TransactionType.swift; sourceTree = "<group>"; };
		089EEFD32D39A0D5000D6657 /* Repeat.swift */ = {isa = PBXFileReference; lastKnownFileType = sourcecode.swift; path = Repeat.swift; sourceTree = "<group>"; };
		089EEFD52D39A135000D6657 /* Category.swift */ = {isa = PBXFileReference; lastKnownFileType = sourcecode.swift; path = Category.swift; sourceTree = "<group>"; };
		089EEFD72D39A4AE000D6657 /* TabbedView.swift */ = {isa = PBXFileReference; lastKnownFileType = sourcecode.swift; path = TabbedView.swift; sourceTree = "<group>"; };
		089EEFD92D39A882000D6657 /* BudgetView.swift */ = {isa = PBXFileReference; lastKnownFileType = sourcecode.swift; path = BudgetView.swift; sourceTree = "<group>"; };
		089EEFDB2D39A973000D6657 /* Extensions.swift */ = {isa = PBXFileReference; lastKnownFileType = sourcecode.swift; path = Extensions.swift; sourceTree = "<group>"; };
		089EEFDD2D39AC6A000D6657 /* EditItemView.swift */ = {isa = PBXFileReference; lastKnownFileType = sourcecode.swift; path = EditItemView.swift; sourceTree = "<group>"; };
		08A8E7352B69827800575C9B /* Carteret.app */ = {isa = PBXFileReference; explicitFileType = wrapper.application; includeInIndex = 0; path = Carteret.app; sourceTree = BUILT_PRODUCTS_DIR; };
		08A8E7382B69827800575C9B /* CarteretApp.swift */ = {isa = PBXFileReference; lastKnownFileType = sourcecode.swift; path = CarteretApp.swift; sourceTree = "<group>"; };
		08A8E73A2B69827800575C9B /* ContentView.swift */ = {isa = PBXFileReference; lastKnownFileType = sourcecode.swift; path = ContentView.swift; sourceTree = "<group>"; };
		08A8E73C2B69827800575C9B /* Item.swift */ = {isa = PBXFileReference; lastKnownFileType = sourcecode.swift; path = Item.swift; sourceTree = "<group>"; };
		08A8E73E2B69827D00575C9B /* Assets.xcassets */ = {isa = PBXFileReference; lastKnownFileType = folder.assetcatalog; path = Assets.xcassets; sourceTree = "<group>"; };
		08A8E7402B69827D00575C9B /* Carteret.entitlements */ = {isa = PBXFileReference; lastKnownFileType = text.plist.entitlements; path = Carteret.entitlements; sourceTree = "<group>"; };
		08A8E7422B69827D00575C9B /* Preview Assets.xcassets */ = {isa = PBXFileReference; lastKnownFileType = folder.assetcatalog; path = "Preview Assets.xcassets"; sourceTree = "<group>"; };
		08A8E7442B69827D00575C9B /* Info.plist */ = {isa = PBXFileReference; lastKnownFileType = text.plist.xml; path = Info.plist; sourceTree = "<group>"; };
		08A8E7492B69827E00575C9B /* CarteretTests.xctest */ = {isa = PBXFileReference; explicitFileType = wrapper.cfbundle; includeInIndex = 0; path = CarteretTests.xctest; sourceTree = BUILT_PRODUCTS_DIR; };
		08A8E74D2B69827E00575C9B /* CarteretTests.swift */ = {isa = PBXFileReference; lastKnownFileType = sourcecode.swift; path = CarteretTests.swift; sourceTree = "<group>"; };
		08A8E7532B69827E00575C9B /* CarteretUITests.xctest */ = {isa = PBXFileReference; explicitFileType = wrapper.cfbundle; includeInIndex = 0; path = CarteretUITests.xctest; sourceTree = BUILT_PRODUCTS_DIR; };
		08A8E7572B69827E00575C9B /* CarteretUITests.swift */ = {isa = PBXFileReference; lastKnownFileType = sourcecode.swift; path = CarteretUITests.swift; sourceTree = "<group>"; };
		08A8E7592B69827E00575C9B /* CarteretUITestsLaunchTests.swift */ = {isa = PBXFileReference; lastKnownFileType = sourcecode.swift; path = CarteretUITestsLaunchTests.swift; sourceTree = "<group>"; };
/* End PBXFileReference section */

/* Begin PBXFrameworksBuildPhase section */
		08A8E7322B69827800575C9B /* Frameworks */ = {
			isa = PBXFrameworksBuildPhase;
			buildActionMask = 2147483647;
			files = (
				0857E3222D42EB640052904C /* RohrigSoftwareCompanyCore in Frameworks */,
				0835E5A02DBE7E17005D6207 /* LinkKit in Frameworks */,
			);
			runOnlyForDeploymentPostprocessing = 0;
		};
		08A8E7462B69827E00575C9B /* Frameworks */ = {
			isa = PBXFrameworksBuildPhase;
			buildActionMask = 2147483647;
			files = (
			);
			runOnlyForDeploymentPostprocessing = 0;
		};
		08A8E7502B69827E00575C9B /* Frameworks */ = {
			isa = PBXFrameworksBuildPhase;
			buildActionMask = 2147483647;
			files = (
			);
			runOnlyForDeploymentPostprocessing = 0;
		};
/* End PBXFrameworksBuildPhase section */

/* Begin PBXGroup section */
		0834A5D22B698AB800A668EA /* Managers */ = {
			isa = PBXGroup;
			children = (
				088CEA682D3DB123006B279F /* BudgetManager.swift */,
				088CEA6A2D3DB49B006B279F /* DebugSettings.swift */,
				0834A5D02B698AB000A668EA /* Constant.swift */,
				0834A5D52B698EC100A668EA /* CarteretImage.swift */,
				0834A5DC2B6992B700A668EA /* ErrorMessage.swift */,
			);
			path = Managers;
			sourceTree = "<group>";
		};
		0834A5D92B69910000A668EA /* SwiftData */ = {
			isa = PBXGroup;
			children = (
				08A8E73C2B69827800575C9B /* Item.swift */,
				0834A5D72B69902700A668EA /* Loan.swift */,
				0834A5DE2B6993C800A668EA /* Payment.swift */,
				089EEFCF2D399F39000D6657 /* Transaction.swift */,
				089EEFD52D39A135000D6657 /* Category.swift */,
				0857E3282D431E480052904C /* Fund.swift */,
			);
			path = SwiftData;
			sourceTree = "<group>";
		};
		0835E59E2DBE7E17005D6207 /* Frameworks */ = {
			isa = PBXGroup;
			children = (
			);
			name = Frameworks;
			sourceTree = "<group>";
		};
		0857E3272D4318B20052904C /* Views */ = {
			isa = PBXGroup;
			children = (
				0871FDF82DBD4F90000BFB18 /* PlaidLinkView.swift */,
				0822ACDA2D70FB5C008E709F /* FundDetailView.swift */,
				0822ACDC2D71089C008E709F /* MailComposeView.swift */,
				0822ACD82D70F6FC008E709F /* EditFundView.swift */,
				080E275A2D3AB74000595DE8 /* EditTransactionView.swift */,
				0857E3252D42F7BC0052904C /* TransactionImport.swift */,
				0857E31C2D42CC0A0052904C /* SpendingLimitRow.swift */,
				080E27642D3ADB3400595DE8 /* TransactionRowView.swift */,
				080E275C2D3ABAD400595DE8 /* CurrencyField.swift */,
				0857E31E2D42DE830052904C /* CurrencyText.swift */,
				080E27562D3AB41E00595DE8 /* WeekView.swift */,
				089EEFDD2D39AC6A000D6657 /* EditItemView.swift */,
				0834A5CE2B6985CD00A668EA /* LoanView.swift */,
				08A8E73A2B69827800575C9B /* ContentView.swift */,
				089EEFD92D39A882000D6657 /* BudgetView.swift */,
				088CEA6C2D3DC0E9006B279F /* OlderTransactionsView.swift */,
				0857E3182D42C5680052904C /* PieChart.swift */,
				0857E31A2D42C58D0052904C /* BarChart1D.swift */,
				089A882B2D4424C900990FF3 /* TransactionsBarChart.swift */,
				089EEFD72D39A4AE000D6657 /* TabbedView.swift */,
				0857E32A2D4325D10052904C /* WeekVisuals.swift */,
				089A882D2D44255100990FF3 /* ItemVisuals.swift */,
				0846F4E02D4C525100222419 /* UpgradeView.swift */,
				0871FDFA2DBD550A000BFB18 /* ConnectPlaidButton.swift */,
			);
			path = Views;
			sourceTree = "<group>";
		};
		089EEFCE2D399D0B000D6657 /* Testing */ = {
			isa = PBXGroup;
			children = (
				08A8E74C2B69827E00575C9B /* CarteretTests */,
				08A8E7562B69827E00575C9B /* CarteretUITests */,
			);
			path = Testing;
			sourceTree = "<group>";
		};
		08A8E72C2B69827800575C9B = {
			isa = PBXGroup;
			children = (
				089A882A2D43F8F200990FF3 /* CloudTestPlan.xctestplan */,
				089A88292D43F8D400990FF3 /* LocalTestPlan.xctestplan */,
				08A8E7372B69827800575C9B /* Carteret */,
				089EEFCE2D399D0B000D6657 /* Testing */,
				0835E59E2DBE7E17005D6207 /* Frameworks */,
				08A8E7362B69827800575C9B /* Products */,
			);
			sourceTree = "<group>";
		};
		08A8E7362B69827800575C9B /* Products */ = {
			isa = PBXGroup;
			children = (
				08A8E7352B69827800575C9B /* Carteret.app */,
				08A8E7492B69827E00575C9B /* CarteretTests.xctest */,
				08A8E7532B69827E00575C9B /* CarteretUITests.xctest */,
			);
			name = Products;
			sourceTree = "<group>";
		};
		08A8E7372B69827800575C9B /* Carteret */ = {
			isa = PBXGroup;
			children = (
				08A8E7382B69827800575C9B /* CarteretApp.swift */,
				0857E3272D4318B20052904C /* Views */,
				089EEFD12D39A022000D6657 /* TransactionType.swift */,
				089EEFD32D39A0D5000D6657 /* Repeat.swift */,
				080E27682D3AF4F900595DE8 /* Week.swift */,
				0857E3232D42F7380052904C /* WeeklyTransaction.swift */,
				0835E5A72DBE95D7005D6207 /* AmericanExpressTransaction.swift */,
				0835E5A92DBE983E005D6207 /* CitiTransaction.swift */,
				089EEFDB2D39A973000D6657 /* Extensions.swift */,
				080E275E2D3ABB6800595DE8 /* InputField.swift */,
				089A882F2D44659100990FF3 /* StorageState.swift */,
				080E27582D3AB4D000595DE8 /* CircularProgressViewStyle.swift */,
				080E27622D3AC2A100595DE8 /* TransactionDestination.swift */,
				0857E32C2D432B130052904C /* ViewModifier.swift */,
				084E0B702D4DAFFC00D955AC /* FormatStyle.swift */,
				0870CE572D4EDC49005A7E27 /* PreviewHelper.swift */,
				0871FDF32DBD3B51000BFB18 /* PlaidActor.swift */,
				0835E5A12DBE8518005D6207 /* AkoyaActor.swift */,
				0858AD5D2DC11E1C00BEA6E0 /* WalletActor.swift */,
				0835E5A32DBE8A46005D6207 /* AuthHelper.swift */,
				0835E5A52DBE913E005D6207 /* AkoyaTransactionResponse.swift */,
				0835E5AB2DBE9B27005D6207 /* OpenFinancialExchangeParser.swift */,
				0834A5D92B69910000A668EA /* SwiftData */,
				08A8E73E2B69827D00575C9B /* Assets.xcassets */,
				08A8E7402B69827D00575C9B /* Carteret.entitlements */,
				08A8E7442B69827D00575C9B /* Info.plist */,
				08A8E7412B69827D00575C9B /* Preview Content */,
				0834A5D22B698AB800A668EA /* Managers */,
			);
			path = Carteret;
			sourceTree = "<group>";
		};
		08A8E7412B69827D00575C9B /* Preview Content */ = {
			isa = PBXGroup;
			children = (
				08A8E7422B69827D00575C9B /* Preview Assets.xcassets */,
			);
			path = "Preview Content";
			sourceTree = "<group>";
		};
		08A8E74C2B69827E00575C9B /* CarteretTests */ = {
			isa = PBXGroup;
			children = (
				08A8E74D2B69827E00575C9B /* CarteretTests.swift */,
			);
			path = CarteretTests;
			sourceTree = "<group>";
		};
		08A8E7562B69827E00575C9B /* CarteretUITests */ = {
			isa = PBXGroup;
			children = (
				08A8E7572B69827E00575C9B /* CarteretUITests.swift */,
				08A8E7592B69827E00575C9B /* CarteretUITestsLaunchTests.swift */,
			);
			path = CarteretUITests;
			sourceTree = "<group>";
		};
/* End PBXGroup section */

/* Begin PBXNativeTarget section */
		08A8E7342B69827800575C9B /* Carteret */ = {
			isa = PBXNativeTarget;
			buildConfigurationList = 08A8E75D2B69827E00575C9B /* Build configuration list for PBXNativeTarget "Carteret" */;
			buildPhases = (
				08A8E7312B69827800575C9B /* Sources */,
				08A8E7322B69827800575C9B /* Frameworks */,
				08A8E7332B69827800575C9B /* Resources */,
			);
			buildRules = (
			);
			dependencies = (
			);
			name = Carteret;
			productName = Carteret;
			productReference = 08A8E7352B69827800575C9B /* Carteret.app */;
			productType = "com.apple.product-type.application";
		};
		08A8E7482B69827E00575C9B /* CarteretTests */ = {
			isa = PBXNativeTarget;
			buildConfigurationList = 08A8E7602B69827E00575C9B /* Build configuration list for PBXNativeTarget "CarteretTests" */;
			buildPhases = (
				08A8E7452B69827E00575C9B /* Sources */,
				08A8E7462B69827E00575C9B /* Frameworks */,
				08A8E7472B69827E00575C9B /* Resources */,
			);
			buildRules = (
			);
			dependencies = (
				08A8E74B2B69827E00575C9B /* PBXTargetDependency */,
			);
			name = CarteretTests;
			productName = CarteretTests;
			productReference = 08A8E7492B69827E00575C9B /* CarteretTests.xctest */;
			productType = "com.apple.product-type.bundle.unit-test";
		};
		08A8E7522B69827E00575C9B /* CarteretUITests */ = {
			isa = PBXNativeTarget;
			buildConfigurationList = 08A8E7632B69827E00575C9B /* Build configuration list for PBXNativeTarget "CarteretUITests" */;
			buildPhases = (
				08A8E74F2B69827E00575C9B /* Sources */,
				08A8E7502B69827E00575C9B /* Frameworks */,
				08A8E7512B69827E00575C9B /* Resources */,
			);
			buildRules = (
			);
			dependencies = (
				08A8E7552B69827E00575C9B /* PBXTargetDependency */,
			);
			name = CarteretUITests;
			productName = CarteretUITests;
			productReference = 08A8E7532B69827E00575C9B /* CarteretUITests.xctest */;
			productType = "com.apple.product-type.bundle.ui-testing";
		};
/* End PBXNativeTarget section */

/* Begin PBXProject section */
		08A8E72D2B69827800575C9B /* Project object */ = {
			isa = PBXProject;
			attributes = {
				BuildIndependentTargetsInParallel = 1;
				LastSwiftUpdateCheck = 1520;
				LastUpgradeCheck = 1620;
				TargetAttributes = {
					08A8E7342B69827800575C9B = {
						CreatedOnToolsVersion = 15.2;
					};
					08A8E7482B69827E00575C9B = {
						CreatedOnToolsVersion = 15.2;
						TestTargetID = 08A8E7342B69827800575C9B;
					};
					08A8E7522B69827E00575C9B = {
						CreatedOnToolsVersion = 15.2;
						TestTargetID = 08A8E7342B69827800575C9B;
					};
				};
			};
			buildConfigurationList = 08A8E7302B69827800575C9B /* Build configuration list for PBXProject "Carteret" */;
			compatibilityVersion = "Xcode 14.0";
			developmentRegion = en;
			hasScannedForEncodings = 0;
			knownRegions = (
				en,
				Base,
			);
			mainGroup = 08A8E72C2B69827800575C9B;
			packageReferences = (
				0857E3202D42EB640052904C /* XCRemoteSwiftPackageReference "RohrigSoftwareCompanyCore" */,
				0871FDF52DBD3CFD000BFB18 /* XCRemoteSwiftPackageReference "plaid-link-ios-spm" */,
			);
			productRefGroup = 08A8E7362B69827800575C9B /* Products */;
			projectDirPath = "";
			projectRoot = "";
			targets = (
				08A8E7342B69827800575C9B /* Carteret */,
				08A8E7482B69827E00575C9B /* CarteretTests */,
				08A8E7522B69827E00575C9B /* CarteretUITests */,
			);
		};
/* End PBXProject section */

/* Begin PBXResourcesBuildPhase section */
		08A8E7332B69827800575C9B /* Resources */ = {
			isa = PBXResourcesBuildPhase;
			buildActionMask = 2147483647;
			files = (
				08A8E7432B69827D00575C9B /* Preview Assets.xcassets in Resources */,
				08A8E73F2B69827D00575C9B /* Assets.xcassets in Resources */,
			);
			runOnlyForDeploymentPostprocessing = 0;
		};
		08A8E7472B69827E00575C9B /* Resources */ = {
			isa = PBXResourcesBuildPhase;
			buildActionMask = 2147483647;
			files = (
			);
			runOnlyForDeploymentPostprocessing = 0;
		};
		08A8E7512B69827E00575C9B /* Resources */ = {
			isa = PBXResourcesBuildPhase;
			buildActionMask = 2147483647;
			files = (
			);
			runOnlyForDeploymentPostprocessing = 0;
		};
/* End PBXResourcesBuildPhase section */

/* Begin PBXSourcesBuildPhase section */
		08A8E7312B69827800575C9B /* Sources */ = {
			isa = PBXSourcesBuildPhase;
			buildActionMask = 2147483647;
			files = (
				0822ACDB2D70FB60008E709F /* FundDetailView.swift in Sources */,
				0871FDF92DBD4F93000BFB18 /* PlaidLinkView.swift in Sources */,
				0857E31D2D42CC150052904C /* SpendingLimitRow.swift in Sources */,
				080E27592D3AB4DA00595DE8 /* CircularProgressViewStyle.swift in Sources */,
				089EEFDE2D39AC6F000D6657 /* EditItemView.swift in Sources */,
				0835E5AA2DBE9843005D6207 /* CitiTransaction.swift in Sources */,
				089EEFD02D399F3C000D6657 /* Transaction.swift in Sources */,
				080E275D2D3ABAD700595DE8 /* CurrencyField.swift in Sources */,
				088CEA6D2D3DC0E9006B279F /* OlderTransactionsView.swift in Sources */,
				080E275B2D3AB74500595DE8 /* EditTransactionView.swift in Sources */,
				0857E3262D42F7BC0052904C /* TransactionImport.swift in Sources */,
				0857E3242D42F7450052904C /* WeeklyTransaction.swift in Sources */,
				0835E5A22DBE851C005D6207 /* AkoyaActor.swift in Sources */,
				089EEFDA2D39A889000D6657 /* BudgetView.swift in Sources */,
				0870CE582D4EDC4E005A7E27 /* PreviewHelper.swift in Sources */,
				0857E31B2D42C5920052904C /* BarChart1D.swift in Sources */,
				089A88302D44659600990FF3 /* StorageState.swift in Sources */,
				0857E32D2D432B170052904C /* ViewModifier.swift in Sources */,
				0857E32B2D4325D60052904C /* WeekVisuals.swift in Sources */,
				089EEFD82D39A4B1000D6657 /* TabbedView.swift in Sources */,
				080E27692D3AF4FA00595DE8 /* Week.swift in Sources */,
				0857E3192D42C56D0052904C /* PieChart.swift in Sources */,
				0846F4E12D4C525700222419 /* UpgradeView.swift in Sources */,
				0822ACD92D70F700008E709F /* EditFundView.swift in Sources */,
				08A8E73B2B69827800575C9B /* ContentView.swift in Sources */,
				089A882E2D44255500990FF3 /* ItemVisuals.swift in Sources */,
				0857E31F2D42DE880052904C /* CurrencyText.swift in Sources */,
				0857E3292D431E4B0052904C /* Fund.swift in Sources */,
				08A8E73D2B69827800575C9B /* Item.swift in Sources */,
				0871FDF42DBD3B56000BFB18 /* PlaidActor.swift in Sources */,
				080E27572D3AB42300595DE8 /* WeekView.swift in Sources */,
				088CEA692D3DB12A006B279F /* BudgetManager.swift in Sources */,
				0834A5DF2B6993C800A668EA /* Payment.swift in Sources */,
				0835E5A42DBE8A4E005D6207 /* AuthHelper.swift in Sources */,
				0834A5D62B698EC100A668EA /* CarteretImage.swift in Sources */,
				088CEA6B2D3DB4A1006B279F /* DebugSettings.swift in Sources */,
				080E27652D3ADB3800595DE8 /* TransactionRowView.swift in Sources */,
				0834A5DD2B6992B700A668EA /* ErrorMessage.swift in Sources */,
				0858AD5E2DC11E2100BEA6E0 /* WalletActor.swift in Sources */,
				089EEFD22D39A02F000D6657 /* TransactionType.swift in Sources */,
				089EEFD42D39A0E5000D6657 /* Repeat.swift in Sources */,
				080E27632D3AC2A600595DE8 /* TransactionDestination.swift in Sources */,
				0822ACDD2D71089F008E709F /* MailComposeView.swift in Sources */,
				089A882C2D4424CD00990FF3 /* TransactionsBarChart.swift in Sources */,
				0834A5CF2B6985CD00A668EA /* LoanView.swift in Sources */,
				0835E5AC2DBE9B33005D6207 /* OpenFinancialExchangeParser.swift in Sources */,
				080E275F2D3ABB6D00595DE8 /* InputField.swift in Sources */,
				08A8E7392B69827800575C9B /* CarteretApp.swift in Sources */,
				0835E5A82DBE95DD005D6207 /* AmericanExpressTransaction.swift in Sources */,
				0834A5D12B698AB000A668EA /* Constant.swift in Sources */,
				084E0B712D4DB00000D955AC /* FormatStyle.swift in Sources */,
				089EEFDC2D39A977000D6657 /* Extensions.swift in Sources */,
				0871FDFB2DBD5513000BFB18 /* ConnectPlaidButton.swift in Sources */,
				0834A5D82B69902700A668EA /* Loan.swift in Sources */,
				089EEFD62D39A138000D6657 /* Category.swift in Sources */,
				0835E5A62DBE914A005D6207 /* AkoyaTransactionResponse.swift in Sources */,
			);
			runOnlyForDeploymentPostprocessing = 0;
		};
		08A8E7452B69827E00575C9B /* Sources */ = {
			isa = PBXSourcesBuildPhase;
			buildActionMask = 2147483647;
			files = (
				08A8E74E2B69827E00575C9B /* CarteretTests.swift in Sources */,
			);
			runOnlyForDeploymentPostprocessing = 0;
		};
		08A8E74F2B69827E00575C9B /* Sources */ = {
			isa = PBXSourcesBuildPhase;
			buildActionMask = 2147483647;
			files = (
				08A8E75A2B69827E00575C9B /* CarteretUITestsLaunchTests.swift in Sources */,
				08A8E7582B69827E00575C9B /* CarteretUITests.swift in Sources */,
			);
			runOnlyForDeploymentPostprocessing = 0;
		};
/* End PBXSourcesBuildPhase section */

/* Begin PBXTargetDependency section */
		08A8E74B2B69827E00575C9B /* PBXTargetDependency */ = {
			isa = PBXTargetDependency;
			target = 08A8E7342B69827800575C9B /* Carteret */;
			targetProxy = 08A8E74A2B69827E00575C9B /* PBXContainerItemProxy */;
		};
		08A8E7552B69827E00575C9B /* PBXTargetDependency */ = {
			isa = PBXTargetDependency;
			target = 08A8E7342B69827800575C9B /* Carteret */;
			targetProxy = 08A8E7542B69827E00575C9B /* PBXContainerItemProxy */;
		};
/* End PBXTargetDependency section */

/* Begin XCBuildConfiguration section */
		08A8E75B2B69827E00575C9B /* Debug */ = {
			isa = XCBuildConfiguration;
			buildSettings = {
				ALWAYS_SEARCH_USER_PATHS = NO;
				ASSETCATALOG_COMPILER_GENERATE_SWIFT_ASSET_SYMBOL_EXTENSIONS = YES;
				CLANG_ANALYZER_NONNULL = YES;
				CLANG_ANALYZER_NUMBER_OBJECT_CONVERSION = YES_AGGRESSIVE;
				CLANG_CXX_LANGUAGE_STANDARD = "gnu++20";
				CLANG_ENABLE_MODULES = YES;
				CLANG_ENABLE_OBJC_ARC = YES;
				CLANG_ENABLE_OBJC_WEAK = YES;
				CLANG_WARN_BLOCK_CAPTURE_AUTORELEASING = YES;
				CLANG_WARN_BOOL_CONVERSION = YES;
				CLANG_WARN_COMMA = YES;
				CLANG_WARN_CONSTANT_CONVERSION = YES;
				CLANG_WARN_DEPRECATED_OBJC_IMPLEMENTATIONS = YES;
				CLANG_WARN_DIRECT_OBJC_ISA_USAGE = YES_ERROR;
				CLANG_WARN_DOCUMENTATION_COMMENTS = YES;
				CLANG_WARN_EMPTY_BODY = YES;
				CLANG_WARN_ENUM_CONVERSION = YES;
				CLANG_WARN_INFINITE_RECURSION = YES;
				CLANG_WARN_INT_CONVERSION = YES;
				CLANG_WARN_NON_LITERAL_NULL_CONVERSION = YES;
				CLANG_WARN_OBJC_IMPLICIT_RETAIN_SELF = YES;
				CLANG_WARN_OBJC_LITERAL_CONVERSION = YES;
				CLANG_WARN_OBJC_ROOT_CLASS = YES_ERROR;
				CLANG_WARN_QUOTED_INCLUDE_IN_FRAMEWORK_HEADER = YES;
				CLANG_WARN_RANGE_LOOP_ANALYSIS = YES;
				CLANG_WARN_STRICT_PROTOTYPES = YES;
				CLANG_WARN_SUSPICIOUS_MOVE = YES;
				CLANG_WARN_UNGUARDED_AVAILABILITY = YES_AGGRESSIVE;
				CLANG_WARN_UNREACHABLE_CODE = YES;
				CLANG_WARN__DUPLICATE_METHOD_MATCH = YES;
				COPY_PHASE_STRIP = NO;
				DEAD_CODE_STRIPPING = YES;
				DEBUG_INFORMATION_FORMAT = dwarf;
				ENABLE_STRICT_OBJC_MSGSEND = YES;
				ENABLE_TESTABILITY = YES;
				ENABLE_USER_SCRIPT_SANDBOXING = YES;
				GCC_C_LANGUAGE_STANDARD = gnu17;
				GCC_DYNAMIC_NO_PIC = NO;
				GCC_NO_COMMON_BLOCKS = YES;
				GCC_OPTIMIZATION_LEVEL = 0;
				GCC_PREPROCESSOR_DEFINITIONS = (
					"DEBUG=1",
					"$(inherited)",
				);
				GCC_WARN_64_TO_32_BIT_CONVERSION = YES;
				GCC_WARN_ABOUT_RETURN_TYPE = YES_ERROR;
				GCC_WARN_UNDECLARED_SELECTOR = YES;
				GCC_WARN_UNINITIALIZED_AUTOS = YES_AGGRESSIVE;
				GCC_WARN_UNUSED_FUNCTION = YES;
				GCC_WARN_UNUSED_VARIABLE = YES;
				LOCALIZATION_PREFERS_STRING_CATALOGS = YES;
				MTL_ENABLE_DEBUG_INFO = INCLUDE_SOURCE;
				MTL_FAST_MATH = YES;
				ONLY_ACTIVE_ARCH = YES;
				SWIFT_ACTIVE_COMPILATION_CONDITIONS = "DEBUG $(inherited)";
				SWIFT_OPTIMIZATION_LEVEL = "-Onone";
			};
			name = Debug;
		};
		08A8E75C2B69827E00575C9B /* Release */ = {
			isa = XCBuildConfiguration;
			buildSettings = {
				ALWAYS_SEARCH_USER_PATHS = NO;
				ASSETCATALOG_COMPILER_GENERATE_SWIFT_ASSET_SYMBOL_EXTENSIONS = YES;
				CLANG_ANALYZER_NONNULL = YES;
				CLANG_ANALYZER_NUMBER_OBJECT_CONVERSION = YES_AGGRESSIVE;
				CLANG_CXX_LANGUAGE_STANDARD = "gnu++20";
				CLANG_ENABLE_MODULES = YES;
				CLANG_ENABLE_OBJC_ARC = YES;
				CLANG_ENABLE_OBJC_WEAK = YES;
				CLANG_WARN_BLOCK_CAPTURE_AUTORELEASING = YES;
				CLANG_WARN_BOOL_CONVERSION = YES;
				CLANG_WARN_COMMA = YES;
				CLANG_WARN_CONSTANT_CONVERSION = YES;
				CLANG_WARN_DEPRECATED_OBJC_IMPLEMENTATIONS = YES;
				CLANG_WARN_DIRECT_OBJC_ISA_USAGE = YES_ERROR;
				CLANG_WARN_DOCUMENTATION_COMMENTS = YES;
				CLANG_WARN_EMPTY_BODY = YES;
				CLANG_WARN_ENUM_CONVERSION = YES;
				CLANG_WARN_INFINITE_RECURSION = YES;
				CLANG_WARN_INT_CONVERSION = YES;
				CLANG_WARN_NON_LITERAL_NULL_CONVERSION = YES;
				CLANG_WARN_OBJC_IMPLICIT_RETAIN_SELF = YES;
				CLANG_WARN_OBJC_LITERAL_CONVERSION = YES;
				CLANG_WARN_OBJC_ROOT_CLASS = YES_ERROR;
				CLANG_WARN_QUOTED_INCLUDE_IN_FRAMEWORK_HEADER = YES;
				CLANG_WARN_RANGE_LOOP_ANALYSIS = YES;
				CLANG_WARN_STRICT_PROTOTYPES = YES;
				CLANG_WARN_SUSPICIOUS_MOVE = YES;
				CLANG_WARN_UNGUARDED_AVAILABILITY = YES_AGGRESSIVE;
				CLANG_WARN_UNREACHABLE_CODE = YES;
				CLANG_WARN__DUPLICATE_METHOD_MATCH = YES;
				COPY_PHASE_STRIP = NO;
				DEAD_CODE_STRIPPING = YES;
				DEBUG_INFORMATION_FORMAT = "dwarf-with-dsym";
				ENABLE_NS_ASSERTIONS = NO;
				ENABLE_STRICT_OBJC_MSGSEND = YES;
				ENABLE_USER_SCRIPT_SANDBOXING = YES;
				GCC_C_LANGUAGE_STANDARD = gnu17;
				GCC_NO_COMMON_BLOCKS = YES;
				GCC_WARN_64_TO_32_BIT_CONVERSION = YES;
				GCC_WARN_ABOUT_RETURN_TYPE = YES_ERROR;
				GCC_WARN_UNDECLARED_SELECTOR = YES;
				GCC_WARN_UNINITIALIZED_AUTOS = YES_AGGRESSIVE;
				GCC_WARN_UNUSED_FUNCTION = YES;
				GCC_WARN_UNUSED_VARIABLE = YES;
				LOCALIZATION_PREFERS_STRING_CATALOGS = YES;
				MTL_ENABLE_DEBUG_INFO = NO;
				MTL_FAST_MATH = YES;
				SWIFT_COMPILATION_MODE = wholemodule;
			};
			name = Release;
		};
		08A8E75E2B69827E00575C9B /* Debug */ = {
			isa = XCBuildConfiguration;
			buildSettings = {
				ASSETCATALOG_COMPILER_APPICON_NAME = AppIcon;
				ASSETCATALOG_COMPILER_GLOBAL_ACCENT_COLOR_NAME = AccentColor;
				CODE_SIGN_ENTITLEMENTS = Carteret/Carteret.entitlements;
				CODE_SIGN_STYLE = Automatic;
				CURRENT_PROJECT_VERSION = 1;
				DEAD_CODE_STRIPPING = YES;
				DEVELOPMENT_ASSET_PATHS = "\"Carteret/Preview Content\"";
				DEVELOPMENT_TEAM = 3865YC2YEY;
				ENABLE_HARDENED_RUNTIME = YES;
				ENABLE_PREVIEWS = YES;
				GENERATE_INFOPLIST_FILE = YES;
				INFOPLIST_FILE = Carteret/Info.plist;
				"INFOPLIST_KEY_UIApplicationSceneManifest_Generation[sdk=iphoneos*]" = YES;
				"INFOPLIST_KEY_UIApplicationSceneManifest_Generation[sdk=iphonesimulator*]" = YES;
				"INFOPLIST_KEY_UIApplicationSupportsIndirectInputEvents[sdk=iphoneos*]" = YES;
				"INFOPLIST_KEY_UIApplicationSupportsIndirectInputEvents[sdk=iphonesimulator*]" = YES;
				"INFOPLIST_KEY_UILaunchScreen_Generation[sdk=iphoneos*]" = YES;
				"INFOPLIST_KEY_UILaunchScreen_Generation[sdk=iphonesimulator*]" = YES;
				"INFOPLIST_KEY_UIStatusBarStyle[sdk=iphoneos*]" = UIStatusBarStyleDefault;
				"INFOPLIST_KEY_UIStatusBarStyle[sdk=iphonesimulator*]" = UIStatusBarStyleDefault;
				INFOPLIST_KEY_UISupportedInterfaceOrientations_iPad = "UIInterfaceOrientationPortrait UIInterfaceOrientationPortraitUpsideDown UIInterfaceOrientationLandscapeLeft UIInterfaceOrientationLandscapeRight";
				INFOPLIST_KEY_UISupportedInterfaceOrientations_iPhone = "UIInterfaceOrientationPortrait UIInterfaceOrientationLandscapeLeft UIInterfaceOrientationLandscapeRight";
				IPHONEOS_DEPLOYMENT_TARGET = 17.2;
				LD_RUNPATH_SEARCH_PATHS = "@executable_path/Frameworks";
				"LD_RUNPATH_SEARCH_PATHS[sdk=macosx*]" = "@executable_path/../Frameworks";
				MACOSX_DEPLOYMENT_TARGET = 14.0;
				MARKETING_VERSION = 1.0;
				PRODUCT_BUNDLE_IDENTIFIER = com.alexanderrohrig.Carteret;
				PRODUCT_NAME = "$(TARGET_NAME)";
				SDKROOT = auto;
				SUPPORTED_PLATFORMS = "iphoneos iphonesimulator macosx";
				SWIFT_EMIT_LOC_STRINGS = YES;
				SWIFT_VERSION = 6.0;
				TARGETED_DEVICE_FAMILY = "1,2";
			};
			name = Debug;
		};
		08A8E75F2B69827E00575C9B /* Release */ = {
			isa = XCBuildConfiguration;
			buildSettings = {
				ASSETCATALOG_COMPILER_APPICON_NAME = AppIcon;
				ASSETCATALOG_COMPILER_GLOBAL_ACCENT_COLOR_NAME = AccentColor;
				CODE_SIGN_ENTITLEMENTS = Carteret/Carteret.entitlements;
				CODE_SIGN_STYLE = Automatic;
				CURRENT_PROJECT_VERSION = 1;
				DEAD_CODE_STRIPPING = YES;
				DEVELOPMENT_ASSET_PATHS = "\"Carteret/Preview Content\"";
				DEVELOPMENT_TEAM = 3865YC2YEY;
				ENABLE_HARDENED_RUNTIME = YES;
				ENABLE_PREVIEWS = YES;
				GENERATE_INFOPLIST_FILE = YES;
				INFOPLIST_FILE = Carteret/Info.plist;
				"INFOPLIST_KEY_UIApplicationSceneManifest_Generation[sdk=iphoneos*]" = YES;
				"INFOPLIST_KEY_UIApplicationSceneManifest_Generation[sdk=iphonesimulator*]" = YES;
				"INFOPLIST_KEY_UIApplicationSupportsIndirectInputEvents[sdk=iphoneos*]" = YES;
				"INFOPLIST_KEY_UIApplicationSupportsIndirectInputEvents[sdk=iphonesimulator*]" = YES;
				"INFOPLIST_KEY_UILaunchScreen_Generation[sdk=iphoneos*]" = YES;
				"INFOPLIST_KEY_UILaunchScreen_Generation[sdk=iphonesimulator*]" = YES;
				"INFOPLIST_KEY_UIStatusBarStyle[sdk=iphoneos*]" = UIStatusBarStyleDefault;
				"INFOPLIST_KEY_UIStatusBarStyle[sdk=iphonesimulator*]" = UIStatusBarStyleDefault;
				INFOPLIST_KEY_UISupportedInterfaceOrientations_iPad = "UIInterfaceOrientationPortrait UIInterfaceOrientationPortraitUpsideDown UIInterfaceOrientationLandscapeLeft UIInterfaceOrientationLandscapeRight";
				INFOPLIST_KEY_UISupportedInterfaceOrientations_iPhone = "UIInterfaceOrientationPortrait UIInterfaceOrientationLandscapeLeft UIInterfaceOrientationLandscapeRight";
				IPHONEOS_DEPLOYMENT_TARGET = 17.2;
				LD_RUNPATH_SEARCH_PATHS = "@executable_path/Frameworks";
				"LD_RUNPATH_SEARCH_PATHS[sdk=macosx*]" = "@executable_path/../Frameworks";
				MACOSX_DEPLOYMENT_TARGET = 14.0;
				MARKETING_VERSION = 1.0;
				PRODUCT_BUNDLE_IDENTIFIER = com.alexanderrohrig.Carteret;
				PRODUCT_NAME = "$(TARGET_NAME)";
				SDKROOT = auto;
				SUPPORTED_PLATFORMS = "iphoneos iphonesimulator macosx";
				SWIFT_EMIT_LOC_STRINGS = YES;
				SWIFT_VERSION = 6.0;
				TARGETED_DEVICE_FAMILY = "1,2";
			};
			name = Release;
		};
		08A8E7612B69827E00575C9B /* Debug */ = {
			isa = XCBuildConfiguration;
			buildSettings = {
				BUNDLE_LOADER = "$(TEST_HOST)";
				CODE_SIGN_STYLE = Automatic;
				CURRENT_PROJECT_VERSION = 1;
				DEAD_CODE_STRIPPING = YES;
				DEVELOPMENT_TEAM = 3865YC2YEY;
				GENERATE_INFOPLIST_FILE = YES;
				IPHONEOS_DEPLOYMENT_TARGET = 17.2;
				MACOSX_DEPLOYMENT_TARGET = 14.2;
				MARKETING_VERSION = 1.0;
				PRODUCT_BUNDLE_IDENTIFIER = com.alexanderrohrig.CarteretTests;
				PRODUCT_NAME = "$(TARGET_NAME)";
				SDKROOT = auto;
				SUPPORTED_PLATFORMS = "iphoneos iphonesimulator macosx";
				SWIFT_EMIT_LOC_STRINGS = NO;
				SWIFT_VERSION = 5.0;
				TARGETED_DEVICE_FAMILY = "1,2";
				TEST_HOST = "$(BUILT_PRODUCTS_DIR)/Carteret.app/$(BUNDLE_EXECUTABLE_FOLDER_PATH)/Carteret";
			};
			name = Debug;
		};
		08A8E7622B69827E00575C9B /* Release */ = {
			isa = XCBuildConfiguration;
			buildSettings = {
				BUNDLE_LOADER = "$(TEST_HOST)";
				CODE_SIGN_STYLE = Automatic;
				CURRENT_PROJECT_VERSION = 1;
				DEAD_CODE_STRIPPING = YES;
				DEVELOPMENT_TEAM = 3865YC2YEY;
				GENERATE_INFOPLIST_FILE = YES;
				IPHONEOS_DEPLOYMENT_TARGET = 17.2;
				MACOSX_DEPLOYMENT_TARGET = 14.2;
				MARKETING_VERSION = 1.0;
				PRODUCT_BUNDLE_IDENTIFIER = com.alexanderrohrig.CarteretTests;
				PRODUCT_NAME = "$(TARGET_NAME)";
				SDKROOT = auto;
				SUPPORTED_PLATFORMS = "iphoneos iphonesimulator macosx";
				SWIFT_EMIT_LOC_STRINGS = NO;
				SWIFT_VERSION = 5.0;
				TARGETED_DEVICE_FAMILY = "1,2";
				TEST_HOST = "$(BUILT_PRODUCTS_DIR)/Carteret.app/$(BUNDLE_EXECUTABLE_FOLDER_PATH)/Carteret";
			};
			name = Release;
		};
		08A8E7642B69827E00575C9B /* Debug */ = {
			isa = XCBuildConfiguration;
			buildSettings = {
				CODE_SIGN_STYLE = Automatic;
				CURRENT_PROJECT_VERSION = 1;
				DEAD_CODE_STRIPPING = YES;
				DEVELOPMENT_TEAM = 3865YC2YEY;
				GENERATE_INFOPLIST_FILE = YES;
				IPHONEOS_DEPLOYMENT_TARGET = 17.2;
				MACOSX_DEPLOYMENT_TARGET = 14.2;
				MARKETING_VERSION = 1.0;
				PRODUCT_BUNDLE_IDENTIFIER = com.alexanderrohrig.CarteretUITests;
				PRODUCT_NAME = "$(TARGET_NAME)";
				SDKROOT = auto;
				SUPPORTED_PLATFORMS = "iphoneos iphonesimulator macosx";
				SWIFT_EMIT_LOC_STRINGS = NO;
				SWIFT_VERSION = 5.0;
				TARGETED_DEVICE_FAMILY = "1,2";
				TEST_TARGET_NAME = Carteret;
			};
			name = Debug;
		};
		08A8E7652B69827E00575C9B /* Release */ = {
			isa = XCBuildConfiguration;
			buildSettings = {
				CODE_SIGN_STYLE = Automatic;
				CURRENT_PROJECT_VERSION = 1;
				DEAD_CODE_STRIPPING = YES;
				DEVELOPMENT_TEAM = 3865YC2YEY;
				GENERATE_INFOPLIST_FILE = YES;
				IPHONEOS_DEPLOYMENT_TARGET = 17.2;
				MACOSX_DEPLOYMENT_TARGET = 14.2;
				MARKETING_VERSION = 1.0;
				PRODUCT_BUNDLE_IDENTIFIER = com.alexanderrohrig.CarteretUITests;
				PRODUCT_NAME = "$(TARGET_NAME)";
				SDKROOT = auto;
				SUPPORTED_PLATFORMS = "iphoneos iphonesimulator macosx";
				SWIFT_EMIT_LOC_STRINGS = NO;
				SWIFT_VERSION = 5.0;
				TARGETED_DEVICE_FAMILY = "1,2";
				TEST_TARGET_NAME = Carteret;
			};
			name = Release;
		};
/* End XCBuildConfiguration section */

/* Begin XCConfigurationList section */
		08A8E7302B69827800575C9B /* Build configuration list for PBXProject "Carteret" */ = {
			isa = XCConfigurationList;
			buildConfigurations = (
				08A8E75B2B69827E00575C9B /* Debug */,
				08A8E75C2B69827E00575C9B /* Release */,
			);
			defaultConfigurationIsVisible = 0;
			defaultConfigurationName = Release;
		};
		08A8E75D2B69827E00575C9B /* Build configuration list for PBXNativeTarget "Carteret" */ = {
			isa = XCConfigurationList;
			buildConfigurations = (
				08A8E75E2B69827E00575C9B /* Debug */,
				08A8E75F2B69827E00575C9B /* Release */,
			);
			defaultConfigurationIsVisible = 0;
			defaultConfigurationName = Release;
		};
		08A8E7602B69827E00575C9B /* Build configuration list for PBXNativeTarget "CarteretTests" */ = {
			isa = XCConfigurationList;
			buildConfigurations = (
				08A8E7612B69827E00575C9B /* Debug */,
				08A8E7622B69827E00575C9B /* Release */,
			);
			defaultConfigurationIsVisible = 0;
			defaultConfigurationName = Release;
		};
		08A8E7632B69827E00575C9B /* Build configuration list for PBXNativeTarget "CarteretUITests" */ = {
			isa = XCConfigurationList;
			buildConfigurations = (
				08A8E7642B69827E00575C9B /* Debug */,
				08A8E7652B69827E00575C9B /* Release */,
			);
			defaultConfigurationIsVisible = 0;
			defaultConfigurationName = Release;
		};
/* End XCConfigurationList section */

/* Begin XCRemoteSwiftPackageReference section */
		0857E3202D42EB640052904C /* XCRemoteSwiftPackageReference "RohrigSoftwareCompanyCore" */ = {
			isa = XCRemoteSwiftPackageReference;
			repositoryURL = "https://github.com/alexanderjamesrohrig/RohrigSoftwareCompanyCore";
			requirement = {
				branch = main;
				kind = branch;
			};
		};
		0871FDF52DBD3CFD000BFB18 /* XCRemoteSwiftPackageReference "plaid-link-ios-spm" */ = {
			isa = XCRemoteSwiftPackageReference;
			repositoryURL = "https://github.com/plaid/plaid-link-ios-spm";
			requirement = {
				kind = upToNextMajorVersion;
				minimumVersion = 6.0.4;
			};
		};
/* End XCRemoteSwiftPackageReference section */

/* Begin XCSwiftPackageProductDependency section */
		0835E59F2DBE7E17005D6207 /* LinkKit */ = {
			isa = XCSwiftPackageProductDependency;
			package = 0871FDF52DBD3CFD000BFB18 /* XCRemoteSwiftPackageReference "plaid-link-ios-spm" */;
			productName = LinkKit;
		};
		0857E3212D42EB640052904C /* RohrigSoftwareCompanyCore */ = {
			isa = XCSwiftPackageProductDependency;
			package = 0857E3202D42EB640052904C /* XCRemoteSwiftPackageReference "RohrigSoftwareCompanyCore" */;
			productName = RohrigSoftwareCompanyCore;
		};
/* End XCSwiftPackageProductDependency section */
	};
	rootObject = 08A8E72D2B69827800575C9B /* Project object */;
}
